
Microsoft Visual Studio Solution File, Format Version 12.00
# Visual Studio Version 17
VisualStudioVersion = 17.8.34511.84
MinimumVisualStudioVersion = 10.0.40219.1
Project("{FAE04EC0-301F-11D3-BF4B-00C04F79EFBC}") = "progettoWebform-backend", "progettoWebform-backend\progettoWebform-backend.csproj", "{537EA9B4-E030-4B7F-88D2-F83537F4B65E}"
EndProject
Global
	GlobalSection(SolutionConfigurationPlatforms) = preSolution
		Debug|Any CPU = Debug|Any CPU
		Release|Any CPU = Release|Any CPU
	EndGlobalSection
	GlobalSection(ProjectConfigurationPlatforms) = postSolution
		{537EA9B4-E030-4B7F-88D2-F83537F4B65E}.Debug|Any CPU.ActiveCfg = Debug|Any CPU
		{537EA9B4-E030-4B7F-88D2-F83537F4B65E}.Debug|Any CPU.Build.0 = Debug|Any CPU
		{537EA9B4-E030-4B7F-88D2-F83537F4B65E}.Release|Any CPU.ActiveCfg = Release|Any CPU
		{537EA9B4-E030-4B7F-88D2-F83537F4B65E}.Release|Any CPU.Build.0 = Release|Any CPU
	EndGlobalSection
	GlobalSection(SolutionProperties) = preSolution
		HideSolutionNode = FALSE
	EndGlobalSection
	GlobalSection(ExtensibilityGlobals) = postSolution
		SolutionGuid = {20A86CF3-3575-4D0F-A78D-0C542317904D}
	EndGlobalSection
EndGlobal
